Microsoft Visual Studio Solution File, Format Version 12.00
# Visual Studio 2012
Project("{FAE04EC0-301F-11D3-BF4B-00C04F79EFBC}") = "CSharp Practice", "CSharp Practice.csproj", "{E6FED988-1A7F-443F-B8C7-9701D99EAD1D}"
EndProject
Global
	GlobalSection(SolutionConfigurationPlatforms) = preSolution
	Debug|Any CPU = Debug|Any CPU
	ExportDebug|Any CPU = ExportDebug|Any CPU
	ExportRelease|Any CPU = ExportRelease|Any CPU
	EndGlobalSection
	GlobalSection(ProjectConfigurationPlatforms) = postSolution
		{E6FED988-1A7F-443F-B8C7-9701D99EAD1D}.Debug|Any CPU.ActiveCfg = Debug|Any CPU
		{E6FED988-1A7F-443F-B8C7-9701D99EAD1D}.Debug|Any CPU.Build.0 = Debug|Any CPU
		{E6FED988-1A7F-443F-B8C7-9701D99EAD1D}.ExportDebug|Any CPU.ActiveCfg = ExportDebug|Any CPU
		{E6FED988-1A7F-443F-B8C7-9701D99EAD1D}.ExportDebug|Any CPU.Build.0 = ExportDebug|Any CPU
		{E6FED988-1A7F-443F-B8C7-9701D99EAD1D}.ExportRelease|Any CPU.ActiveCfg = ExportRelease|Any CPU
		{E6FED988-1A7F-443F-B8C7-9701D99EAD1D}.ExportRelease|Any CPU.Build.0 = ExportRelease|Any CPU
	EndGlobalSection
EndGlobal
